
Microsoft Visual Studio Solution File, Format Version 12.00
# Visual Studio 14
VisualStudioVersion = 14.0.23107.0
MinimumVisualStudioVersion = 10.0.40219.1
Project("{8BC9CEB8-8B4A-11D0-8D11-00A0C91BC942}") = "monitor-client", "monitor-client.vcxproj", "{30705B90-C349-4DF9-B311-7AB7886B0C4D}"
EndProject
Project("{8BC9CEB8-8B4A-11D0-8D11-00A0C91BC942}") = "libcurl", "..\libs\curl-7.43.0\projects\Windows\VC12\lib\libcurl.vcxproj", "{DA6F56B4-06A4-441D-AD70-AC5A7D51FADB}"
EndProject
Project("{8BC9CEB8-8B4A-11D0-8D11-00A0C91BC942}") = "test", "test\test.vcxproj", "{D7BC35FA-6D59-4DBD-AEF4-DE54E47239BB}"
	ProjectSection(ProjectDependencies) = postProject
		{30705B90-C349-4DF9-B311-7AB7886B0C4D} = {30705B90-C349-4DF9-B311-7AB7886B0C4D}
	EndProjectSection
EndProject
Global
	GlobalSection(SolutionConfigurationPlatforms) = preSolution
		Debug|x64 = Debug|x64
		Debug|x86 = Debug|x86
		DLL Debug - DLL OpenSSL - DLL LibSSH2|x64 = DLL Debug - DLL OpenSSL - DLL LibSSH2|x64
		DLL Debug - DLL OpenSSL - DLL LibSSH2|x86 = DLL Debug - DLL OpenSSL - DLL LibSSH2|x86
		DLL Debug - DLL OpenSSL|x64 = DLL Debug - DLL OpenSSL|x64
		DLL Debug - DLL OpenSSL|x86 = DLL Debug - DLL OpenSSL|x86
		DLL Debug - DLL Windows SSPI - DLL WinIDN|x64 = DLL Debug - DLL Windows SSPI - DLL WinIDN|x64
		DLL Debug - DLL Windows SSPI - DLL WinIDN|x86 = DLL Debug - DLL Windows SSPI - DLL WinIDN|x86
		DLL Debug - DLL Windows SSPI|x64 = DLL Debug - DLL Windows SSPI|x64
		DLL Debug - DLL Windows SSPI|x86 = DLL Debug - DLL Windows SSPI|x86
		DLL Debug|x64 = DLL Debug|x64
		DLL Debug|x86 = DLL Debug|x86
		DLL Release - DLL OpenSSL - DLL LibSSH2|x64 = DLL Release - DLL OpenSSL - DLL LibSSH2|x64
		DLL Release - DLL OpenSSL - DLL LibSSH2|x86 = DLL Release - DLL OpenSSL - DLL LibSSH2|x86
		DLL Release - DLL OpenSSL|x64 = DLL Release - DLL OpenSSL|x64
		DLL Release - DLL OpenSSL|x86 = DLL Release - DLL OpenSSL|x86
		DLL Release - DLL Windows SSPI - DLL WinIDN|x64 = DLL Release - DLL Windows SSPI - DLL WinIDN|x64
		DLL Release - DLL Windows SSPI - DLL WinIDN|x86 = DLL Release - DLL Windows SSPI - DLL WinIDN|x86
		DLL Release - DLL Windows SSPI|x64 = DLL Release - DLL Windows SSPI|x64
		DLL Release - DLL Windows SSPI|x86 = DLL Release - DLL Windows SSPI|x86
		DLL Release|x64 = DLL Release|x64
		DLL Release|x86 = DLL Release|x86
		LIB Debug - DLL OpenSSL - DLL LibSSH2|x64 = LIB Debug - DLL OpenSSL - DLL LibSSH2|x64
		LIB Debug - DLL OpenSSL - DLL LibSSH2|x86 = LIB Debug - DLL OpenSSL - DLL LibSSH2|x86
		LIB Debug - DLL OpenSSL|x64 = LIB Debug - DLL OpenSSL|x64
		LIB Debug - DLL OpenSSL|x86 = LIB Debug - DLL OpenSSL|x86
		LIB Debug - DLL Windows SSPI - DLL WinIDN|x64 = LIB Debug - DLL Windows SSPI - DLL WinIDN|x64
		LIB Debug - DLL Windows SSPI - DLL WinIDN|x86 = LIB Debug - DLL Windows SSPI - DLL WinIDN|x86
		LIB Debug - DLL Windows SSPI|x64 = LIB Debug - DLL Windows SSPI|x64
		LIB Debug - DLL Windows SSPI|x86 = LIB Debug - DLL Windows SSPI|x86
		LIB Debug - LIB OpenSSL - LIB LibSSH2|x64 = LIB Debug - LIB OpenSSL - LIB LibSSH2|x64
		LIB Debug - LIB OpenSSL - LIB LibSSH2|x86 = LIB Debug - LIB OpenSSL - LIB LibSSH2|x86
		LIB Debug - LIB OpenSSL|x64 = LIB Debug - LIB OpenSSL|x64
		LIB Debug - LIB OpenSSL|x86 = LIB Debug - LIB OpenSSL|x86
		LIB Debug|x64 = LIB Debug|x64
		LIB Debug|x86 = LIB Debug|x86
		LIB Release - DLL OpenSSL - DLL LibSSH2|x64 = LIB Release - DLL OpenSSL - DLL LibSSH2|x64
		LIB Release - DLL OpenSSL - DLL LibSSH2|x86 = LIB Release - DLL OpenSSL - DLL LibSSH2|x86
		LIB Release - DLL OpenSSL|x64 = LIB Release - DLL OpenSSL|x64
		LIB Release - DLL OpenSSL|x86 = LIB Release - DLL OpenSSL|x86
		LIB Release - DLL Windows SSPI - DLL WinIDN|x64 = LIB Release - DLL Windows SSPI - DLL WinIDN|x64
		LIB Release - DLL Windows SSPI - DLL WinIDN|x86 = LIB Release - DLL Windows SSPI - DLL WinIDN|x86
		LIB Release - DLL Windows SSPI|x64 = LIB Release - DLL Windows SSPI|x64
		LIB Release - DLL Windows SSPI|x86 = LIB Release - DLL Windows SSPI|x86
		LIB Release - LIB OpenSSL - LIB LibSSH2|x64 = LIB Release - LIB OpenSSL - LIB LibSSH2|x64
		LIB Release - LIB OpenSSL - LIB LibSSH2|x86 = LIB Release - LIB OpenSSL - LIB LibSSH2|x86
		LIB Release - LIB OpenSSL|x64 = LIB Release - LIB OpenSSL|x64
		LIB Release - LIB OpenSSL|x86 = LIB Release - LIB OpenSSL|x86
		LIB Release|x64 = LIB Release|x64
		LIB Release|x86 = LIB Release|x86
		Release|x64 = Release|x64
		Release|x86 = Release|x86
	EndGlobalSection
	GlobalSection(ProjectConfigurationPlatforms) = postSolution
		{30705B90-C349-4DF9-B311-7AB7886B0C4D}.Debug|x64.ActiveCfg = Debug|x64
		{30705B90-C349-4DF9-B311-7AB7886B0C4D}.Debug|x64.Build.0 = Debug|x64
		{30705B90-C349-4DF9-B311-7AB7886B0C4D}.Debug|x86.ActiveCfg = Debug|Win32
		{30705B90-C349-4DF9-B311-7AB7886B0C4D}.Debug|x86.Build.0 = Debug|Win32
		{30705B90-C349-4DF9-B311-7AB7886B0C4D}.DLL Debug - DLL OpenSSL - DLL LibSSH2|x64.ActiveCfg = Debug|x64
		{30705B90-C349-4DF9-B311-7AB7886B0C4D}.DLL Debug - DLL OpenSSL - DLL LibSSH2|x64.Build.0 = Debug|x64
		{30705B90-C349-4DF9-B311-7AB7886B0C4D}.DLL Debug - DLL OpenSSL - DLL LibSSH2|x86.ActiveCfg = Debug|Win32
		{30705B90-C349-4DF9-B311-7AB7886B0C4D}.DLL Debug - DLL OpenSSL - DLL LibSSH2|x86.Build.0 = Debug|Win32
		{30705B90-C349-4DF9-B311-7AB7886B0C4D}.DLL Debug - DLL OpenSSL|x64.ActiveCfg = Debug|x64
		{30705B90-C349-4DF9-B311-7AB7886B0C4D}.DLL Debug - DLL OpenSSL|x64.Build.0 = Debug|x64
		{30705B90-C349-4DF9-B311-7AB7886B0C4D}.DLL Debug - DLL OpenSSL|x86.ActiveCfg = Debug|Win32
		{30705B90-C349-4DF9-B311-7AB7886B0C4D}.DLL Debug - DLL OpenSSL|x86.Build.0 = Debug|Win32
		{30705B90-C349-4DF9-B311-7AB7886B0C4D}.DLL Debug - DLL Windows SSPI - DLL WinIDN|x64.ActiveCfg = Debug|x64
		{30705B90-C349-4DF9-B311-7AB7886B0C4D}.DLL Debug - DLL Windows SSPI - DLL WinIDN|x64.Build.0 = Debug|x64
		{30705B90-C349-4DF9-B311-7AB7886B0C4D}.DLL Debug - DLL Windows SSPI - DLL WinIDN|x86.ActiveCfg = Debug|Win32
		{30705B90-C349-4DF9-B311-7AB7886B0C4D}.DLL Debug - DLL Windows SSPI - DLL WinIDN|x86.Build.0 = Debug|Win32
		{30705B90-C349-4DF9-B311-7AB7886B0C4D}.DLL Debug - DLL Windows SSPI|x64.ActiveCfg = Debug|x64
		{30705B90-C349-4DF9-B311-7AB7886B0C4D}.DLL Debug - DLL Windows SSPI|x64.Build.0 = Debug|x64
		{30705B90-C349-4DF9-B311-7AB7886B0C4D}.DLL Debug - DLL Windows SSPI|x86.ActiveCfg = Debug|Win32
		{30705B90-C349-4DF9-B311-7AB7886B0C4D}.DLL Debug - DLL Windows SSPI|x86.Build.0 = Debug|Win32
		{30705B90-C349-4DF9-B311-7AB7886B0C4D}.DLL Debug|x64.ActiveCfg = Debug|x64
		{30705B90-C349-4DF9-B311-7AB7886B0C4D}.DLL Debug|x64.Build.0 = Debug|x64
		{30705B90-C349-4DF9-B311-7AB7886B0C4D}.DLL Debug|x86.ActiveCfg = Debug|Win32
		{30705B90-C349-4DF9-B311-7AB7886B0C4D}.DLL Debug|x86.Build.0 = Debug|Win32
		{30705B90-C349-4DF9-B311-7AB7886B0C4D}.DLL Release - DLL OpenSSL - DLL LibSSH2|x64.ActiveCfg = Release|x64
		{30705B90-C349-4DF9-B311-7AB7886B0C4D}.DLL Release - DLL OpenSSL - DLL LibSSH2|x64.Build.0 = Release|x64
		{30705B90-C349-4DF9-B311-7AB7886B0C4D}.DLL Release - DLL OpenSSL - DLL LibSSH2|x86.ActiveCfg = Release|Win32
		{30705B90-C349-4DF9-B311-7AB7886B0C4D}.DLL Release - DLL OpenSSL - DLL LibSSH2|x86.Build.0 = Release|Win32
		{30705B90-C349-4DF9-B311-7AB7886B0C4D}.DLL Release - DLL OpenSSL|x64.ActiveCfg = Release|x64
		{30705B90-C349-4DF9-B311-7AB7886B0C4D}.DLL Release - DLL OpenSSL|x64.Build.0 = Release|x64
		{30705B90-C349-4DF9-B311-7AB7886B0C4D}.DLL Release - DLL OpenSSL|x86.ActiveCfg = Release|Win32
		{30705B90-C349-4DF9-B311-7AB7886B0C4D}.DLL Release - DLL OpenSSL|x86.Build.0 = Release|Win32
		{30705B90-C349-4DF9-B311-7AB7886B0C4D}.DLL Release - DLL Windows SSPI - DLL WinIDN|x64.ActiveCfg = Release|x64
		{30705B90-C349-4DF9-B311-7AB7886B0C4D}.DLL Release - DLL Windows SSPI - DLL WinIDN|x64.Build.0 = Release|x64
		{30705B90-C349-4DF9-B311-7AB7886B0C4D}.DLL Release - DLL Windows SSPI - DLL WinIDN|x86.ActiveCfg = Release|Win32
		{30705B90-C349-4DF9-B311-7AB7886B0C4D}.DLL Release - DLL Windows SSPI - DLL WinIDN|x86.Build.0 = Release|Win32
		{30705B90-C349-4DF9-B311-7AB7886B0C4D}.DLL Release - DLL Windows SSPI|x64.ActiveCfg = Release|x64
		{30705B90-C349-4DF9-B311-7AB7886B0C4D}.DLL Release - DLL Windows SSPI|x64.Build.0 = Release|x64
		{30705B90-C349-4DF9-B311-7AB7886B0C4D}.DLL Release - DLL Windows SSPI|x86.ActiveCfg = Release|Win32
		{30705B90-C349-4DF9-B311-7AB7886B0C4D}.DLL Release - DLL Windows SSPI|x86.Build.0 = Release|Win32
		{30705B90-C349-4DF9-B311-7AB7886B0C4D}.DLL Release|x64.ActiveCfg = Release|x64
		{30705B90-C349-4DF9-B311-7AB7886B0C4D}.DLL Release|x64.Build.0 = Release|x64
		{30705B90-C349-4DF9-B311-7AB7886B0C4D}.DLL Release|x86.ActiveCfg = Release|Win32
		{30705B90-C349-4DF9-B311-7AB7886B0C4D}.DLL Release|x86.Build.0 = Release|Win32
		{30705B90-C349-4DF9-B311-7AB7886B0C4D}.LIB Debug - DLL OpenSSL - DLL LibSSH2|x64.ActiveCfg = Debug|x64
		{30705B90-C349-4DF9-B311-7AB7886B0C4D}.LIB Debug - DLL OpenSSL - DLL LibSSH2|x64.Build.0 = Debug|x64
		{30705B90-C349-4DF9-B311-7AB7886B0C4D}.LIB Debug - DLL OpenSSL - DLL LibSSH2|x86.ActiveCfg = Debug|Win32
		{30705B90-C349-4DF9-B311-7AB7886B0C4D}.LIB Debug - DLL OpenSSL - DLL LibSSH2|x86.Build.0 = Debug|Win32
		{30705B90-C349-4DF9-B311-7AB7886B0C4D}.LIB Debug - DLL OpenSSL|x64.ActiveCfg = Debug|x64
		{30705B90-C349-4DF9-B311-7AB7886B0C4D}.LIB Debug - DLL OpenSSL|x64.Build.0 = Debug|x64
		{30705B90-C349-4DF9-B311-7AB7886B0C4D}.LIB Debug - DLL OpenSSL|x86.ActiveCfg = Debug|Win32
		{30705B90-C349-4DF9-B311-7AB7886B0C4D}.LIB Debug - DLL OpenSSL|x86.Build.0 = Debug|Win32
		{30705B90-C349-4DF9-B311-7AB7886B0C4D}.LIB Debug - DLL Windows SSPI - DLL WinIDN|x64.ActiveCfg = Debug|x64
		{30705B90-C349-4DF9-B311-7AB7886B0C4D}.LIB Debug - DLL Windows SSPI - DLL WinIDN|x64.Build.0 = Debug|x64
		{30705B90-C349-4DF9-B311-7AB7886B0C4D}.LIB Debug - DLL Windows SSPI - DLL WinIDN|x86.ActiveCfg = Debug|Win32
		{30705B90-C349-4DF9-B311-7AB7886B0C4D}.LIB Debug - DLL Windows SSPI - DLL WinIDN|x86.Build.0 = Debug|Win32
		{30705B90-C349-4DF9-B311-7AB7886B0C4D}.LIB Debug - DLL Windows SSPI|x64.ActiveCfg = Debug|x64
		{30705B90-C349-4DF9-B311-7AB7886B0C4D}.LIB Debug - DLL Windows SSPI|x64.Build.0 = Debug|x64
		{30705B90-C349-4DF9-B311-7AB7886B0C4D}.LIB Debug - DLL Windows SSPI|x86.ActiveCfg = Debug|Win32
		{30705B90-C349-4DF9-B311-7AB7886B0C4D}.LIB Debug - DLL Windows SSPI|x86.Build.0 = Debug|Win32
		{30705B90-C349-4DF9-B311-7AB7886B0C4D}.LIB Debug - LIB OpenSSL - LIB LibSSH2|x64.ActiveCfg = Debug|x64
		{30705B90-C349-4DF9-B311-7AB7886B0C4D}.LIB Debug - LIB OpenSSL - LIB LibSSH2|x64.Build.0 = Debug|x64
		{30705B90-C349-4DF9-B311-7AB7886B0C4D}.LIB Debug - LIB OpenSSL - LIB LibSSH2|x86.ActiveCfg = Debug|Win32
		{30705B90-C349-4DF9-B311-7AB7886B0C4D}.LIB Debug - LIB OpenSSL - LIB LibSSH2|x86.Build.0 = Debug|Win32
		{30705B90-C349-4DF9-B311-7AB7886B0C4D}.LIB Debug - LIB OpenSSL|x64.ActiveCfg = Debug|x64
		{30705B90-C349-4DF9-B311-7AB7886B0C4D}.LIB Debug - LIB OpenSSL|x64.Build.0 = Debug|x64
		{30705B90-C349-4DF9-B311-7AB7886B0C4D}.LIB Debug - LIB OpenSSL|x86.ActiveCfg = Debug|Win32
		{30705B90-C349-4DF9-B311-7AB7886B0C4D}.LIB Debug - LIB OpenSSL|x86.Build.0 = Debug|Win32
		{30705B90-C349-4DF9-B311-7AB7886B0C4D}.LIB Debug|x64.ActiveCfg = Debug|x64
		{30705B90-C349-4DF9-B311-7AB7886B0C4D}.LIB Debug|x64.Build.0 = Debug|x64
		{30705B90-C349-4DF9-B311-7AB7886B0C4D}.LIB Debug|x86.ActiveCfg = Debug|Win32
		{30705B90-C349-4DF9-B311-7AB7886B0C4D}.LIB Debug|x86.Build.0 = Debug|Win32
		{30705B90-C349-4DF9-B311-7AB7886B0C4D}.LIB Release - DLL OpenSSL - DLL LibSSH2|x64.ActiveCfg = Release|x64
		{30705B90-C349-4DF9-B311-7AB7886B0C4D}.LIB Release - DLL OpenSSL - DLL LibSSH2|x64.Build.0 = Release|x64
		{30705B90-C349-4DF9-B311-7AB7886B0C4D}.LIB Release - DLL OpenSSL - DLL LibSSH2|x86.ActiveCfg = Release|Win32
		{30705B90-C349-4DF9-B311-7AB7886B0C4D}.LIB Release - DLL OpenSSL - DLL LibSSH2|x86.Build.0 = Release|Win32
		{30705B90-C349-4DF9-B311-7AB7886B0C4D}.LIB Release - DLL OpenSSL|x64.ActiveCfg = Release|x64
		{30705B90-C349-4DF9-B311-7AB7886B0C4D}.LIB Release - DLL OpenSSL|x64.Build.0 = Release|x64
		{30705B90-C349-4DF9-B311-7AB7886B0C4D}.LIB Release - DLL OpenSSL|x86.ActiveCfg = Release|Win32
		{30705B90-C349-4DF9-B311-7AB7886B0C4D}.LIB Release - DLL OpenSSL|x86.Build.0 = Release|Win32
		{30705B90-C349-4DF9-B311-7AB7886B0C4D}.LIB Release - DLL Windows SSPI - DLL WinIDN|x64.ActiveCfg = Release|x64
		{30705B90-C349-4DF9-B311-7AB7886B0C4D}.LIB Release - DLL Windows SSPI - DLL WinIDN|x64.Build.0 = Release|x64
		{30705B90-C349-4DF9-B311-7AB7886B0C4D}.LIB Release - DLL Windows SSPI - DLL WinIDN|x86.ActiveCfg = Release|Win32
		{30705B90-C349-4DF9-B311-7AB7886B0C4D}.LIB Release - DLL Windows SSPI - DLL WinIDN|x86.Build.0 = Release|Win32
		{30705B90-C349-4DF9-B311-7AB7886B0C4D}.LIB Release - DLL Windows SSPI|x64.ActiveCfg = Release|x64
		{30705B90-C349-4DF9-B311-7AB7886B0C4D}.LIB Release - DLL Windows SSPI|x64.Build.0 = Release|x64
		{30705B90-C349-4DF9-B311-7AB7886B0C4D}.LIB Release - DLL Windows SSPI|x86.ActiveCfg = Release|Win32
		{30705B90-C349-4DF9-B311-7AB7886B0C4D}.LIB Release - DLL Windows SSPI|x86.Build.0 = Release|Win32
		{30705B90-C349-4DF9-B311-7AB7886B0C4D}.LIB Release - LIB OpenSSL - LIB LibSSH2|x64.ActiveCfg = Release|x64
		{30705B90-C349-4DF9-B311-7AB7886B0C4D}.LIB Release - LIB OpenSSL - LIB LibSSH2|x64.Build.0 = Release|x64
		{30705B90-C349-4DF9-B311-7AB7886B0C4D}.LIB Release - LIB OpenSSL - LIB LibSSH2|x86.ActiveCfg = Release|Win32
		{30705B90-C349-4DF9-B311-7AB7886B0C4D}.LIB Release - LIB OpenSSL - LIB LibSSH2|x86.Build.0 = Release|Win32
		{30705B90-C349-4DF9-B311-7AB7886B0C4D}.LIB Release - LIB OpenSSL|x64.ActiveCfg = Release|x64
		{30705B90-C349-4DF9-B311-7AB7886B0C4D}.LIB Release - LIB OpenSSL|x64.Build.0 = Release|x64
		{30705B90-C349-4DF9-B311-7AB7886B0C4D}.LIB Release - LIB OpenSSL|x86.ActiveCfg = Release|Win32
		{30705B90-C349-4DF9-B311-7AB7886B0C4D}.LIB Release - LIB OpenSSL|x86.Build.0 = Release|Win32
		{30705B90-C349-4DF9-B311-7AB7886B0C4D}.LIB Release|x64.ActiveCfg = Release|x64
		{30705B90-C349-4DF9-B311-7AB7886B0C4D}.LIB Release|x64.Build.0 = Release|x64
		{30705B90-C349-4DF9-B311-7AB7886B0C4D}.LIB Release|x86.ActiveCfg = Release|Win32
		{30705B90-C349-4DF9-B311-7AB7886B0C4D}.LIB Release|x86.Build.0 = Release|Win32
		{30705B90-C349-4DF9-B311-7AB7886B0C4D}.Release|x64.ActiveCfg = Release|x64
		{30705B90-C349-4DF9-B311-7AB7886B0C4D}.Release|x64.Build.0 = Release|x64
		{30705B90-C349-4DF9-B311-7AB7886B0C4D}.Release|x86.ActiveCfg = Release|Win32
		{30705B90-C349-4DF9-B311-7AB7886B0C4D}.Release|x86.Build.0 = Release|Win32
		{DA6F56B4-06A4-441D-AD70-AC5A7D51FADB}.Debug|x64.ActiveCfg = LIB Debug|x64
		{DA6F56B4-06A4-441D-AD70-AC5A7D51FADB}.Debug|x64.Build.0 = LIB Debug|x64
		{DA6F56B4-06A4-441D-AD70-AC5A7D51FADB}.Debug|x86.ActiveCfg = LIB Debug|Win32
		{DA6F56B4-06A4-441D-AD70-AC5A7D51FADB}.Debug|x86.Build.0 = LIB Debug|Win32
		{DA6F56B4-06A4-441D-AD70-AC5A7D51FADB}.DLL Debug - DLL OpenSSL - DLL LibSSH2|x64.ActiveCfg = DLL Debug - DLL OpenSSL - DLL LibSSH2|x64
		{DA6F56B4-06A4-441D-AD70-AC5A7D51FADB}.DLL Debug - DLL OpenSSL - DLL LibSSH2|x64.Build.0 = DLL Debug - DLL OpenSSL - DLL LibSSH2|x64
		{DA6F56B4-06A4-441D-AD70-AC5A7D51FADB}.DLL Debug - DLL OpenSSL - DLL LibSSH2|x86.ActiveCfg = DLL Debug - DLL OpenSSL - DLL LibSSH2|Win32
		{DA6F56B4-06A4-441D-AD70-AC5A7D51FADB}.DLL Debug - DLL OpenSSL - DLL LibSSH2|x86.Build.0 = DLL Debug - DLL OpenSSL - DLL LibSSH2|Win32
		{DA6F56B4-06A4-441D-AD70-AC5A7D51FADB}.DLL Debug - DLL OpenSSL|x64.ActiveCfg = DLL Debug - DLL OpenSSL|x64
		{DA6F56B4-06A4-441D-AD70-AC5A7D51FADB}.DLL Debug - DLL OpenSSL|x64.Build.0 = DLL Debug - DLL OpenSSL|x64
		{DA6F56B4-06A4-441D-AD70-AC5A7D51FADB}.DLL Debug - DLL OpenSSL|x86.ActiveCfg = DLL Debug - DLL OpenSSL|Win32
		{DA6F56B4-06A4-441D-AD70-AC5A7D51FADB}.DLL Debug - DLL OpenSSL|x86.Build.0 = DLL Debug - DLL OpenSSL|Win32
		{DA6F56B4-06A4-441D-AD70-AC5A7D51FADB}.DLL Debug - DLL Windows SSPI - DLL WinIDN|x64.ActiveCfg = DLL Debug - DLL Windows SSPI - DLL WinIDN|x64
		{DA6F56B4-06A4-441D-AD70-AC5A7D51FADB}.DLL Debug - DLL Windows SSPI - DLL WinIDN|x64.Build.0 = DLL Debug - DLL Windows SSPI - DLL WinIDN|x64
		{DA6F56B4-06A4-441D-AD70-AC5A7D51FADB}.DLL Debug - DLL Windows SSPI - DLL WinIDN|x86.ActiveCfg = DLL Debug - DLL Windows SSPI - DLL WinIDN|Win32
		{DA6F56B4-06A4-441D-AD70-AC5A7D51FADB}.DLL Debug - DLL Windows SSPI - DLL WinIDN|x86.Build.0 = DLL Debug - DLL Windows SSPI - DLL WinIDN|Win32
		{DA6F56B4-06A4-441D-AD70-AC5A7D51FADB}.DLL Debug - DLL Windows SSPI|x64.ActiveCfg = DLL Debug - DLL Windows SSPI|x64
		{DA6F56B4-06A4-441D-AD70-AC5A7D51FADB}.DLL Debug - DLL Windows SSPI|x64.Build.0 = DLL Debug - DLL Windows SSPI|x64
		{DA6F56B4-06A4-441D-AD70-AC5A7D51FADB}.DLL Debug - DLL Windows SSPI|x86.ActiveCfg = DLL Debug - DLL Windows SSPI|Win32
		{DA6F56B4-06A4-441D-AD70-AC5A7D51FADB}.DLL Debug - DLL Windows SSPI|x86.Build.0 = DLL Debug - DLL Windows SSPI|Win32
		{DA6F56B4-06A4-441D-AD70-AC5A7D51FADB}.DLL Debug|x64.ActiveCfg = DLL Debug|x64
		{DA6F56B4-06A4-441D-AD70-AC5A7D51FADB}.DLL Debug|x64.Build.0 = DLL Debug|x64
		{DA6F56B4-06A4-441D-AD70-AC5A7D51FADB}.DLL Debug|x86.ActiveCfg = DLL Debug|Win32
		{DA6F56B4-06A4-441D-AD70-AC5A7D51FADB}.DLL Debug|x86.Build.0 = DLL Debug|Win32
		{DA6F56B4-06A4-441D-AD70-AC5A7D51FADB}.DLL Release - DLL OpenSSL - DLL LibSSH2|x64.ActiveCfg = DLL Release - DLL OpenSSL - DLL LibSSH2|x64
		{DA6F56B4-06A4-441D-AD70-AC5A7D51FADB}.DLL Release - DLL OpenSSL - DLL LibSSH2|x64.Build.0 = DLL Release - DLL OpenSSL - DLL LibSSH2|x64
		{DA6F56B4-06A4-441D-AD70-AC5A7D51FADB}.DLL Release - DLL OpenSSL - DLL LibSSH2|x86.ActiveCfg = DLL Release - DLL OpenSSL - DLL LibSSH2|Win32
		{DA6F56B4-06A4-441D-AD70-AC5A7D51FADB}.DLL Release - DLL OpenSSL - DLL LibSSH2|x86.Build.0 = DLL Release - DLL OpenSSL - DLL LibSSH2|Win32
		{DA6F56B4-06A4-441D-AD70-AC5A7D51FADB}.DLL Release - DLL OpenSSL|x64.ActiveCfg = DLL Release - DLL OpenSSL|x64
		{DA6F56B4-06A4-441D-AD70-AC5A7D51FADB}.DLL Release - DLL OpenSSL|x64.Build.0 = DLL Release - DLL OpenSSL|x64
		{DA6F56B4-06A4-441D-AD70-AC5A7D51FADB}.DLL Release - DLL OpenSSL|x86.ActiveCfg = DLL Release - DLL OpenSSL|Win32
		{DA6F56B4-06A4-441D-AD70-AC5A7D51FADB}.DLL Release - DLL OpenSSL|x86.Build.0 = DLL Release - DLL OpenSSL|Win32
		{DA6F56B4-06A4-441D-AD70-AC5A7D51FADB}.DLL Release - DLL Windows SSPI - DLL WinIDN|x64.ActiveCfg = DLL Release - DLL Windows SSPI - DLL WinIDN|x64
		{DA6F56B4-06A4-441D-AD70-AC5A7D51FADB}.DLL Release - DLL Windows SSPI - DLL WinIDN|x64.Build.0 = DLL Release - DLL Windows SSPI - DLL WinIDN|x64
		{DA6F56B4-06A4-441D-AD70-AC5A7D51FADB}.DLL Release - DLL Windows SSPI - DLL WinIDN|x86.ActiveCfg = DLL Release - DLL Windows SSPI - DLL WinIDN|Win32
		{DA6F56B4-06A4-441D-AD70-AC5A7D51FADB}.DLL Release - DLL Windows SSPI - DLL WinIDN|x86.Build.0 = DLL Release - DLL Windows SSPI - DLL WinIDN|Win32
		{DA6F56B4-06A4-441D-AD70-AC5A7D51FADB}.DLL Release - DLL Windows SSPI|x64.ActiveCfg = DLL Release - DLL Windows SSPI|x64
		{DA6F56B4-06A4-441D-AD70-AC5A7D51FADB}.DLL Release - DLL Windows SSPI|x64.Build.0 = DLL Release - DLL Windows SSPI|x64
		{DA6F56B4-06A4-441D-AD70-AC5A7D51FADB}.DLL Release - DLL Windows SSPI|x86.ActiveCfg = DLL Release - DLL Windows SSPI|Win32
		{DA6F56B4-06A4-441D-AD70-AC5A7D51FADB}.DLL Release - DLL Windows SSPI|x86.Build.0 = DLL Release - DLL Windows SSPI|Win32
		{DA6F56B4-06A4-441D-AD70-AC5A7D51FADB}.DLL Release|x64.ActiveCfg = DLL Release|x64
		{DA6F56B4-06A4-441D-AD70-AC5A7D51FADB}.DLL Release|x64.Build.0 = DLL Release|x64
		{DA6F56B4-06A4-441D-AD70-AC5A7D51FADB}.DLL Release|x86.ActiveCfg = DLL Release|Win32
		{DA6F56B4-06A4-441D-AD70-AC5A7D51FADB}.DLL Release|x86.Build.0 = DLL Release|Win32
		{DA6F56B4-06A4-441D-AD70-AC5A7D51FADB}.LIB Debug - DLL OpenSSL - DLL LibSSH2|x64.ActiveCfg = LIB Debug - DLL OpenSSL - DLL LibSSH2|x64
		{DA6F56B4-06A4-441D-AD70-AC5A7D51FADB}.LIB Debug - DLL OpenSSL - DLL LibSSH2|x64.Build.0 = LIB Debug - DLL OpenSSL - DLL LibSSH2|x64
		{DA6F56B4-06A4-441D-AD70-AC5A7D51FADB}.LIB Debug - DLL OpenSSL - DLL LibSSH2|x86.ActiveCfg = LIB Debug - DLL OpenSSL - DLL LibSSH2|Win32
		{DA6F56B4-06A4-441D-AD70-AC5A7D51FADB}.LIB Debug - DLL OpenSSL - DLL LibSSH2|x86.Build.0 = LIB Debug - DLL OpenSSL - DLL LibSSH2|Win32
		{DA6F56B4-06A4-441D-AD70-AC5A7D51FADB}.LIB Debug - DLL OpenSSL|x64.ActiveCfg = LIB Debug - DLL OpenSSL|x64
		{DA6F56B4-06A4-441D-AD70-AC5A7D51FADB}.LIB Debug - DLL OpenSSL|x64.Build.0 = LIB Debug - DLL OpenSSL|x64
		{DA6F56B4-06A4-441D-AD70-AC5A7D51FADB}.LIB Debug - DLL OpenSSL|x86.ActiveCfg = LIB Debug - DLL OpenSSL|Win32
		{DA6F56B4-06A4-441D-AD70-AC5A7D51FADB}.LIB Debug - DLL OpenSSL|x86.Build.0 = LIB Debug - DLL OpenSSL|Win32
		{DA6F56B4-06A4-441D-AD70-AC5A7D51FADB}.LIB Debug - DLL Windows SSPI - DLL WinIDN|x64.ActiveCfg = LIB Debug - DLL Windows SSPI - DLL WinIDN|x64
		{DA6F56B4-06A4-441D-AD70-AC5A7D51FADB}.LIB Debug - DLL Windows SSPI - DLL WinIDN|x64.Build.0 = LIB Debug - DLL Windows SSPI - DLL WinIDN|x64
		{DA6F56B4-06A4-441D-AD70-AC5A7D51FADB}.LIB Debug - DLL Windows SSPI - DLL WinIDN|x86.ActiveCfg = LIB Debug - DLL Windows SSPI - DLL WinIDN|Win32
		{DA6F56B4-06A4-441D-AD70-AC5A7D51FADB}.LIB Debug - DLL Windows SSPI - DLL WinIDN|x86.Build.0 = LIB Debug - DLL Windows SSPI - DLL WinIDN|Win32
		{DA6F56B4-06A4-441D-AD70-AC5A7D51FADB}.LIB Debug - DLL Windows SSPI|x64.ActiveCfg = LIB Debug - DLL Windows SSPI|x64
		{DA6F56B4-06A4-441D-AD70-AC5A7D51FADB}.LIB Debug - DLL Windows SSPI|x64.Build.0 = LIB Debug - DLL Windows SSPI|x64
		{DA6F56B4-06A4-441D-AD70-AC5A7D51FADB}.LIB Debug - DLL Windows SSPI|x86.ActiveCfg = LIB Debug - DLL Windows SSPI|Win32
		{DA6F56B4-06A4-441D-AD70-AC5A7D51FADB}.LIB Debug - DLL Windows SSPI|x86.Build.0 = LIB Debug - DLL Windows SSPI|Win32
		{DA6F56B4-06A4-441D-AD70-AC5A7D51FADB}.LIB Debug - LIB OpenSSL - LIB LibSSH2|x64.ActiveCfg = LIB Debug - LIB OpenSSL - LIB LibSSH2|x64
		{DA6F56B4-06A4-441D-AD70-AC5A7D51FADB}.LIB Debug - LIB OpenSSL - LIB LibSSH2|x64.Build.0 = LIB Debug - LIB OpenSSL - LIB LibSSH2|x64
		{DA6F56B4-06A4-441D-AD70-AC5A7D51FADB}.LIB Debug - LIB OpenSSL - LIB LibSSH2|x86.ActiveCfg = LIB Debug - LIB OpenSSL - LIB LibSSH2|Win32
		{DA6F56B4-06A4-441D-AD70-AC5A7D51FADB}.LIB Debug - LIB OpenSSL - LIB LibSSH2|x86.Build.0 = LIB Debug - LIB OpenSSL - LIB LibSSH2|Win32
		{DA6F56B4-06A4-441D-AD70-AC5A7D51FADB}.LIB Debug - LIB OpenSSL|x64.ActiveCfg = LIB Debug - LIB OpenSSL|x64
		{DA6F56B4-06A4-441D-AD70-AC5A7D51FADB}.LIB Debug - LIB OpenSSL|x64.Build.0 = LIB Debug - LIB OpenSSL|x64
		{DA6F56B4-06A4-441D-AD70-AC5A7D51FADB}.LIB Debug - LIB OpenSSL|x86.ActiveCfg = LIB Debug - LIB OpenSSL|Win32
		{DA6F56B4-06A4-441D-AD70-AC5A7D51FADB}.LIB Debug - LIB OpenSSL|x86.Build.0 = LIB Debug - LIB OpenSSL|Win32
		{DA6F56B4-06A4-441D-AD70-AC5A7D51FADB}.LIB Debug|x64.ActiveCfg = LIB Debug|x64
		{DA6F56B4-06A4-441D-AD70-AC5A7D51FADB}.LIB Debug|x64.Build.0 = LIB Debug|x64
		{DA6F56B4-06A4-441D-AD70-AC5A7D51FADB}.LIB Debug|x86.ActiveCfg = LIB Debug|Win32
		{DA6F56B4-06A4-441D-AD70-AC5A7D51FADB}.LIB Debug|x86.Build.0 = LIB Debug|Win32
		{DA6F56B4-06A4-441D-AD70-AC5A7D51FADB}.LIB Release - DLL OpenSSL - DLL LibSSH2|x64.ActiveCfg = LIB Release - DLL OpenSSL - DLL LibSSH2|x64
		{DA6F56B4-06A4-441D-AD70-AC5A7D51FADB}.LIB Release - DLL OpenSSL - DLL LibSSH2|x64.Build.0 = LIB Release - DLL OpenSSL - DLL LibSSH2|x64
		{DA6F56B4-06A4-441D-AD70-AC5A7D51FADB}.LIB Release - DLL OpenSSL - DLL LibSSH2|x86.ActiveCfg = LIB Release - DLL OpenSSL - DLL LibSSH2|Win32
		{DA6F56B4-06A4-441D-AD70-AC5A7D51FADB}.LIB Release - DLL OpenSSL - DLL LibSSH2|x86.Build.0 = LIB Release - DLL OpenSSL - DLL LibSSH2|Win32
		{DA6F56B4-06A4-441D-AD70-AC5A7D51FADB}.LIB Release - DLL OpenSSL|x64.ActiveCfg = LIB Release - DLL OpenSSL|x64
		{DA6F56B4-06A4-441D-AD70-AC5A7D51FADB}.LIB Release - DLL OpenSSL|x64.Build.0 = LIB Release - DLL OpenSSL|x64
		{DA6F56B4-06A4-441D-AD70-AC5A7D51FADB}.LIB Release - DLL OpenSSL|x86.ActiveCfg = LIB Release - DLL OpenSSL|Win32
		{DA6F56B4-06A4-441D-AD70-AC5A7D51FADB}.LIB Release - DLL OpenSSL|x86.Build.0 = LIB Release - DLL OpenSSL|Win32
		{DA6F56B4-06A4-441D-AD70-AC5A7D51FADB}.LIB Release - DLL Windows SSPI - DLL WinIDN|x64.ActiveCfg = LIB Release - DLL Windows SSPI - DLL WinIDN|x64
		{DA6F56B4-06A4-441D-AD70-AC5A7D51FADB}.LIB Release - DLL Windows SSPI - DLL WinIDN|x64.Build.0 = LIB Release - DLL Windows SSPI - DLL WinIDN|x64
		{DA6F56B4-06A4-441D-AD70-AC5A7D51FADB}.LIB Release - DLL Windows SSPI - DLL WinIDN|x86.ActiveCfg = LIB Release - DLL Windows SSPI - DLL WinIDN|Win32
		{DA6F56B4-06A4-441D-AD70-AC5A7D51FADB}.LIB Release - DLL Windows SSPI - DLL WinIDN|x86.Build.0 = LIB Release - DLL Windows SSPI - DLL WinIDN|Win32
		{DA6F56B4-06A4-441D-AD70-AC5A7D51FADB}.LIB Release - DLL Windows SSPI|x64.ActiveCfg = LIB Release - DLL Windows SSPI|x64
		{DA6F56B4-06A4-441D-AD70-AC5A7D51FADB}.LIB Release - DLL Windows SSPI|x64.Build.0 = LIB Release - DLL Windows SSPI|x64
		{DA6F56B4-06A4-441D-AD70-AC5A7D51FADB}.LIB Release - DLL Windows SSPI|x86.ActiveCfg = LIB Release - DLL Windows SSPI|Win32
		{DA6F56B4-06A4-441D-AD70-AC5A7D51FADB}.LIB Release - DLL Windows SSPI|x86.Build.0 = LIB Release - DLL Windows SSPI|Win32
		{DA6F56B4-06A4-441D-AD70-AC5A7D51FADB}.LIB Release - LIB OpenSSL - LIB LibSSH2|x64.ActiveCfg = LIB Release - LIB OpenSSL - LIB LibSSH2|x64
		{DA6F56B4-06A4-441D-AD70-AC5A7D51FADB}.LIB Release - LIB OpenSSL - LIB LibSSH2|x64.Build.0 = LIB Release - LIB OpenSSL - LIB LibSSH2|x64
		{DA6F56B4-06A4-441D-AD70-AC5A7D51FADB}.LIB Release - LIB OpenSSL - LIB LibSSH2|x86.ActiveCfg = LIB Release - LIB OpenSSL - LIB LibSSH2|Win32
		{DA6F56B4-06A4-441D-AD70-AC5A7D51FADB}.LIB Release - LIB OpenSSL - LIB LibSSH2|x86.Build.0 = LIB Release - LIB OpenSSL - LIB LibSSH2|Win32
		{DA6F56B4-06A4-441D-AD70-AC5A7D51FADB}.LIB Release - LIB OpenSSL|x64.ActiveCfg = LIB Release - LIB OpenSSL|x64
		{DA6F56B4-06A4-441D-AD70-AC5A7D51FADB}.LIB Release - LIB OpenSSL|x64.Build.0 = LIB Release - LIB OpenSSL|x64
		{DA6F56B4-06A4-441D-AD70-AC5A7D51FADB}.LIB Release - LIB OpenSSL|x86.ActiveCfg = LIB Release - LIB OpenSSL|Win32
		{DA6F56B4-06A4-441D-AD70-AC5A7D51FADB}.LIB Release - LIB OpenSSL|x86.Build.0 = LIB Release - LIB OpenSSL|Win32
		{DA6F56B4-06A4-441D-AD70-AC5A7D51FADB}.LIB Release|x64.ActiveCfg = LIB Release|x64
		{DA6F56B4-06A4-441D-AD70-AC5A7D51FADB}.LIB Release|x64.Build.0 = LIB Release|x64
		{DA6F56B4-06A4-441D-AD70-AC5A7D51FADB}.LIB Release|x86.ActiveCfg = LIB Release|Win32
		{DA6F56B4-06A4-441D-AD70-AC5A7D51FADB}.LIB Release|x86.Build.0 = LIB Release|Win32
		{DA6F56B4-06A4-441D-AD70-AC5A7D51FADB}.Release|x64.ActiveCfg = LIB Release - LIB OpenSSL - LIB LibSSH2|x64
		{DA6F56B4-06A4-441D-AD70-AC5A7D51FADB}.Release|x64.Build.0 = LIB Release - LIB OpenSSL - LIB LibSSH2|x64
		{DA6F56B4-06A4-441D-AD70-AC5A7D51FADB}.Release|x86.ActiveCfg = LIB Release - LIB OpenSSL - LIB LibSSH2|Win32
		{DA6F56B4-06A4-441D-AD70-AC5A7D51FADB}.Release|x86.Build.0 = LIB Release - LIB OpenSSL - LIB LibSSH2|Win32
		{D7BC35FA-6D59-4DBD-AEF4-DE54E47239BB}.Debug|x64.ActiveCfg = Debug|x64
		{D7BC35FA-6D59-4DBD-AEF4-DE54E47239BB}.Debug|x64.Build.0 = Debug|x64
		{D7BC35FA-6D59-4DBD-AEF4-DE54E47239BB}.Debug|x86.ActiveCfg = Debug|Win32
		{D7BC35FA-6D59-4DBD-AEF4-DE54E47239BB}.Debug|x86.Build.0 = Debug|Win32
		{D7BC35FA-6D59-4DBD-AEF4-DE54E47239BB}.DLL Debug - DLL OpenSSL - DLL LibSSH2|x64.ActiveCfg = Debug|x64
		{D7BC35FA-6D59-4DBD-AEF4-DE54E47239BB}.DLL Debug - DLL OpenSSL - DLL LibSSH2|x64.Build.0 = Debug|x64
		{D7BC35FA-6D59-4DBD-AEF4-DE54E47239BB}.DLL Debug - DLL OpenSSL - DLL LibSSH2|x86.ActiveCfg = Debug|Win32
		{D7BC35FA-6D59-4DBD-AEF4-DE54E47239BB}.DLL Debug - DLL OpenSSL - DLL LibSSH2|x86.Build.0 = Debug|Win32
		{D7BC35FA-6D59-4DBD-AEF4-DE54E47239BB}.DLL Debug - DLL OpenSSL|x64.ActiveCfg = Debug|x64
		{D7BC35FA-6D59-4DBD-AEF4-DE54E47239BB}.DLL Debug - DLL OpenSSL|x64.Build.0 = Debug|x64
		{D7BC35FA-6D59-4DBD-AEF4-DE54E47239BB}.DLL Debug - DLL OpenSSL|x86.ActiveCfg = Debug|Win32
		{D7BC35FA-6D59-4DBD-AEF4-DE54E47239BB}.DLL Debug - DLL OpenSSL|x86.Build.0 = Debug|Win32
		{D7BC35FA-6D59-4DBD-AEF4-DE54E47239BB}.DLL Debug - DLL Windows SSPI - DLL WinIDN|x64.ActiveCfg = Debug|x64
		{D7BC35FA-6D59-4DBD-AEF4-DE54E47239BB}.DLL Debug - DLL Windows SSPI - DLL WinIDN|x64.Build.0 = Debug|x64
		{D7BC35FA-6D59-4DBD-AEF4-DE54E47239BB}.DLL Debug - DLL Windows SSPI - DLL WinIDN|x86.ActiveCfg = Debug|Win32
		{D7BC35FA-6D59-4DBD-AEF4-DE54E47239BB}.DLL Debug - DLL Windows SSPI - DLL WinIDN|x86.Build.0 = Debug|Win32
		{D7BC35FA-6D59-4DBD-AEF4-DE54E47239BB}.DLL Debug - DLL Windows SSPI|x64.ActiveCfg = Debug|x64
		{D7BC35FA-6D59-4DBD-AEF4-DE54E47239BB}.DLL Debug - DLL Windows SSPI|x64.Build.0 = Debug|x64
		{D7BC35FA-6D59-4DBD-AEF4-DE54E47239BB}.DLL Debug - DLL Windows SSPI|x86.ActiveCfg = Debug|Win32
		{D7BC35FA-6D59-4DBD-AEF4-DE54E47239BB}.DLL Debug - DLL Windows SSPI|x86.Build.0 = Debug|Win32
		{D7BC35FA-6D59-4DBD-AEF4-DE54E47239BB}.DLL Debug|x64.ActiveCfg = Debug|x64
		{D7BC35FA-6D59-4DBD-AEF4-DE54E47239BB}.DLL Debug|x64.Build.0 = Debug|x64
		{D7BC35FA-6D59-4DBD-AEF4-DE54E47239BB}.DLL Debug|x86.ActiveCfg = Debug|Win32
		{D7BC35FA-6D59-4DBD-AEF4-DE54E47239BB}.DLL Debug|x86.Build.0 = Debug|Win32
		{D7BC35FA-6D59-4DBD-AEF4-DE54E47239BB}.DLL Release - DLL OpenSSL - DLL LibSSH2|x64.ActiveCfg = Release|x64
		{D7BC35FA-6D59-4DBD-AEF4-DE54E47239BB}.DLL Release - DLL OpenSSL - DLL LibSSH2|x64.Build.0 = Release|x64
		{D7BC35FA-6D59-4DBD-AEF4-DE54E47239BB}.DLL Release - DLL OpenSSL - DLL LibSSH2|x86.ActiveCfg = Release|Win32
		{D7BC35FA-6D59-4DBD-AEF4-DE54E47239BB}.DLL Release - DLL OpenSSL - DLL LibSSH2|x86.Build.0 = Release|Win32
		{D7BC35FA-6D59-4DBD-AEF4-DE54E47239BB}.DLL Release - DLL OpenSSL|x64.ActiveCfg = Release|x64
		{D7BC35FA-6D59-4DBD-AEF4-DE54E47239BB}.DLL Release - DLL OpenSSL|x64.Build.0 = Release|x64
		{D7BC35FA-6D59-4DBD-AEF4-DE54E47239BB}.DLL Release - DLL OpenSSL|x86.ActiveCfg = Release|Win32
		{D7BC35FA-6D59-4DBD-AEF4-DE54E47239BB}.DLL Release - DLL OpenSSL|x86.Build.0 = Release|Win32
		{D7BC35FA-6D59-4DBD-AEF4-DE54E47239BB}.DLL Release - DLL Windows SSPI - DLL WinIDN|x64.ActiveCfg = Release|x64
		{D7BC35FA-6D59-4DBD-AEF4-DE54E47239BB}.DLL Release - DLL Windows SSPI - DLL WinIDN|x64.Build.0 = Release|x64
		{D7BC35FA-6D59-4DBD-AEF4-DE54E47239BB}.DLL Release - DLL Windows SSPI - DLL WinIDN|x86.ActiveCfg = Release|Win32
		{D7BC35FA-6D59-4DBD-AEF4-DE54E47239BB}.DLL Release - DLL Windows SSPI - DLL WinIDN|x86.Build.0 = Release|Win32
		{D7BC35FA-6D59-4DBD-AEF4-DE54E47239BB}.DLL Release - DLL Windows SSPI|x64.ActiveCfg = Release|x64
		{D7BC35FA-6D59-4DBD-AEF4-DE54E47239BB}.DLL Release - DLL Windows SSPI|x64.Build.0 = Release|x64
		{D7BC35FA-6D59-4DBD-AEF4-DE54E47239BB}.DLL Release - DLL Windows SSPI|x86.ActiveCfg = Release|Win32
		{D7BC35FA-6D59-4DBD-AEF4-DE54E47239BB}.DLL Release - DLL Windows SSPI|x86.Build.0 = Release|Win32
		{D7BC35FA-6D59-4DBD-AEF4-DE54E47239BB}.DLL Release|x64.ActiveCfg = Release|x64
		{D7BC35FA-6D59-4DBD-AEF4-DE54E47239BB}.DLL Release|x64.Build.0 = Release|x64
		{D7BC35FA-6D59-4DBD-AEF4-DE54E47239BB}.DLL Release|x86.ActiveCfg = Release|Win32
		{D7BC35FA-6D59-4DBD-AEF4-DE54E47239BB}.DLL Release|x86.Build.0 = Release|Win32
		{D7BC35FA-6D59-4DBD-AEF4-DE54E47239BB}.LIB Debug - DLL OpenSSL - DLL LibSSH2|x64.ActiveCfg = Debug|x64
		{D7BC35FA-6D59-4DBD-AEF4-DE54E47239BB}.LIB Debug - DLL OpenSSL - DLL LibSSH2|x64.Build.0 = Debug|x64
		{D7BC35FA-6D59-4DBD-AEF4-DE54E47239BB}.LIB Debug - DLL OpenSSL - DLL LibSSH2|x86.ActiveCfg = Debug|Win32
		{D7BC35FA-6D59-4DBD-AEF4-DE54E47239BB}.LIB Debug - DLL OpenSSL - DLL LibSSH2|x86.Build.0 = Debug|Win32
		{D7BC35FA-6D59-4DBD-AEF4-DE54E47239BB}.LIB Debug - DLL OpenSSL|x64.ActiveCfg = Debug|x64
		{D7BC35FA-6D59-4DBD-AEF4-DE54E47239BB}.LIB Debug - DLL OpenSSL|x64.Build.0 = Debug|x64
		{D7BC35FA-6D59-4DBD-AEF4-DE54E47239BB}.LIB Debug - DLL OpenSSL|x86.ActiveCfg = Debug|Win32
		{D7BC35FA-6D59-4DBD-AEF4-DE54E47239BB}.LIB Debug - DLL OpenSSL|x86.Build.0 = Debug|Win32
		{D7BC35FA-6D59-4DBD-AEF4-DE54E47239BB}.LIB Debug - DLL Windows SSPI - DLL WinIDN|x64.ActiveCfg = Debug|x64
		{D7BC35FA-6D59-4DBD-AEF4-DE54E47239BB}.LIB Debug - DLL Windows SSPI - DLL WinIDN|x64.Build.0 = Debug|x64
		{D7BC35FA-6D59-4DBD-AEF4-DE54E47239BB}.LIB Debug - DLL Windows SSPI - DLL WinIDN|x86.ActiveCfg = Debug|Win32
		{D7BC35FA-6D59-4DBD-AEF4-DE54E47239BB}.LIB Debug - DLL Windows SSPI - DLL WinIDN|x86.Build.0 = Debug|Win32
		{D7BC35FA-6D59-4DBD-AEF4-DE54E47239BB}.LIB Debug - DLL Windows SSPI|x64.ActiveCfg = Debug|x64
		{D7BC35FA-6D59-4DBD-AEF4-DE54E47239BB}.LIB Debug - DLL Windows SSPI|x64.Build.0 = Debug|x64
		{D7BC35FA-6D59-4DBD-AEF4-DE54E47239BB}.LIB Debug - DLL Windows SSPI|x86.ActiveCfg = Debug|Win32
		{D7BC35FA-6D59-4DBD-AEF4-DE54E47239BB}.LIB Debug - DLL Windows SSPI|x86.Build.0 = Debug|Win32
		{D7BC35FA-6D59-4DBD-AEF4-DE54E47239BB}.LIB Debug - LIB OpenSSL - LIB LibSSH2|x64.ActiveCfg = Debug|x64
		{D7BC35FA-6D59-4DBD-AEF4-DE54E47239BB}.LIB Debug - LIB OpenSSL - LIB LibSSH2|x64.Build.0 = Debug|x64
		{D7BC35FA-6D59-4DBD-AEF4-DE54E47239BB}.LIB Debug - LIB OpenSSL - LIB LibSSH2|x86.ActiveCfg = Debug|Win32
		{D7BC35FA-6D59-4DBD-AEF4-DE54E47239BB}.LIB Debug - LIB OpenSSL - LIB LibSSH2|x86.Build.0 = Debug|Win32
		{D7BC35FA-6D59-4DBD-AEF4-DE54E47239BB}.LIB Debug - LIB OpenSSL|x64.ActiveCfg = Debug|x64
		{D7BC35FA-6D59-4DBD-AEF4-DE54E47239BB}.LIB Debug - LIB OpenSSL|x64.Build.0 = Debug|x64
		{D7BC35FA-6D59-4DBD-AEF4-DE54E47239BB}.LIB Debug - LIB OpenSSL|x86.ActiveCfg = Debug|Win32
		{D7BC35FA-6D59-4DBD-AEF4-DE54E47239BB}.LIB Debug - LIB OpenSSL|x86.Build.0 = Debug|Win32
		{D7BC35FA-6D59-4DBD-AEF4-DE54E47239BB}.LIB Debug|x64.ActiveCfg = Debug|x64
		{D7BC35FA-6D59-4DBD-AEF4-DE54E47239BB}.LIB Debug|x64.Build.0 = Debug|x64
		{D7BC35FA-6D59-4DBD-AEF4-DE54E47239BB}.LIB Debug|x86.ActiveCfg = Debug|Win32
		{D7BC35FA-6D59-4DBD-AEF4-DE54E47239BB}.LIB Debug|x86.Build.0 = Debug|Win32
		{D7BC35FA-6D59-4DBD-AEF4-DE54E47239BB}.LIB Release - DLL OpenSSL - DLL LibSSH2|x64.ActiveCfg = Release|x64
		{D7BC35FA-6D59-4DBD-AEF4-DE54E47239BB}.LIB Release - DLL OpenSSL - DLL LibSSH2|x64.Build.0 = Release|x64
		{D7BC35FA-6D59-4DBD-AEF4-DE54E47239BB}.LIB Release - DLL OpenSSL - DLL LibSSH2|x86.ActiveCfg = Release|Win32
		{D7BC35FA-6D59-4DBD-AEF4-DE54E47239BB}.LIB Release - DLL OpenSSL - DLL LibSSH2|x86.Build.0 = Release|Win32
		{D7BC35FA-6D59-4DBD-AEF4-DE54E47239BB}.LIB Release - DLL OpenSSL|x64.ActiveCfg = Release|x64
		{D7BC35FA-6D59-4DBD-AEF4-DE54E47239BB}.LIB Release - DLL OpenSSL|x64.Build.0 = Release|x64
		{D7BC35FA-6D59-4DBD-AEF4-DE54E47239BB}.LIB Release - DLL OpenSSL|x86.ActiveCfg = Release|Win32
		{D7BC35FA-6D59-4DBD-AEF4-DE54E47239BB}.LIB Release - DLL OpenSSL|x86.Build.0 = Release|Win32
		{D7BC35FA-6D59-4DBD-AEF4-DE54E47239BB}.LIB Release - DLL Windows SSPI - DLL WinIDN|x64.ActiveCfg = Release|x64
		{D7BC35FA-6D59-4DBD-AEF4-DE54E47239BB}.LIB Release - DLL Windows SSPI - DLL WinIDN|x64.Build.0 = Release|x64
		{D7BC35FA-6D59-4DBD-AEF4-DE54E47239BB}.LIB Release - DLL Windows SSPI - DLL WinIDN|x86.ActiveCfg = Release|Win32
		{D7BC35FA-6D59-4DBD-AEF4-DE54E47239BB}.LIB Release - DLL Windows SSPI - DLL WinIDN|x86.Build.0 = Release|Win32
		{D7BC35FA-6D59-4DBD-AEF4-DE54E47239BB}.LIB Release - DLL Windows SSPI|x64.ActiveCfg = Release|x64
		{D7BC35FA-6D59-4DBD-AEF4-DE54E47239BB}.LIB Release - DLL Windows SSPI|x64.Build.0 = Release|x64
		{D7BC35FA-6D59-4DBD-AEF4-DE54E47239BB}.LIB Release - DLL Windows SSPI|x86.ActiveCfg = Release|Win32
		{D7BC35FA-6D59-4DBD-AEF4-DE54E47239BB}.LIB Release - DLL Windows SSPI|x86.Build.0 = Release|Win32
		{D7BC35FA-6D59-4DBD-AEF4-DE54E47239BB}.LIB Release - LIB OpenSSL - LIB LibSSH2|x64.ActiveCfg = Release|x64
		{D7BC35FA-6D59-4DBD-AEF4-DE54E47239BB}.LIB Release - LIB OpenSSL - LIB LibSSH2|x64.Build.0 = Release|x64
		{D7BC35FA-6D59-4DBD-AEF4-DE54E47239BB}.LIB Release - LIB OpenSSL - LIB LibSSH2|x86.ActiveCfg = Release|Win32
		{D7BC35FA-6D59-4DBD-AEF4-DE54E47239BB}.LIB Release - LIB OpenSSL - LIB LibSSH2|x86.Build.0 = Release|Win32
		{D7BC35FA-6D59-4DBD-AEF4-DE54E47239BB}.LIB Release - LIB OpenSSL|x64.ActiveCfg = Release|x64
		{D7BC35FA-6D59-4DBD-AEF4-DE54E47239BB}.LIB Release - LIB OpenSSL|x64.Build.0 = Release|x64
		{D7BC35FA-6D59-4DBD-AEF4-DE54E47239BB}.LIB Release - LIB OpenSSL|x86.ActiveCfg = Release|Win32
		{D7BC35FA-6D59-4DBD-AEF4-DE54E47239BB}.LIB Release - LIB OpenSSL|x86.Build.0 = Release|Win32
		{D7BC35FA-6D59-4DBD-AEF4-DE54E47239BB}.LIB Release|x64.ActiveCfg = Release|x64
		{D7BC35FA-6D59-4DBD-AEF4-DE54E47239BB}.LIB Release|x64.Build.0 = Release|x64
		{D7BC35FA-6D59-4DBD-AEF4-DE54E47239BB}.LIB Release|x86.ActiveCfg = Release|Win32
		{D7BC35FA-6D59-4DBD-AEF4-DE54E47239BB}.LIB Release|x86.Build.0 = Release|Win32
		{D7BC35FA-6D59-4DBD-AEF4-DE54E47239BB}.Release|x64.ActiveCfg = Release|x64
		{D7BC35FA-6D59-4DBD-AEF4-DE54E47239BB}.Release|x64.Build.0 = Release|x64
		{D7BC35FA-6D59-4DBD-AEF4-DE54E47239BB}.Release|x86.ActiveCfg = Release|Win32
		{D7BC35FA-6D59-4DBD-AEF4-DE54E47239BB}.Release|x86.Build.0 = Release|Win32
	EndGlobalSection
	GlobalSection(SolutionProperties) = preSolution
		HideSolutionNode = FALSE
	EndGlobalSection
EndGlobal
